
Microsoft Visual Studio Solution File, Format Version 11.00
# Visual Studio 2010
Project("{FAE04EC0-301F-11D3-BF4B-00C04F79EFBC}") = "Assembly-CSharp", "Assembly-CSharp.csproj", "{AB2E9B71-D4D8-A70F-F96E-5CA7EA431237}"
EndProject
Project("{FAE04EC0-301F-11D3-BF4B-00C04F79EFBC}") = "Assembly-CSharp-Editor-firstpass", "Assembly-CSharp-Editor-firstpass.csproj", "{8E42140C-A7E2-1D68-F6A6-BCF09380EEED}"
EndProject
Global
	GlobalSection(SolutionConfigurationPlatforms) = preSolution
		Debug|Any CPU = Debug|Any CPU
		Release|Any CPU = Release|Any CPU
	EndGlobalSection
	GlobalSection(ProjectConfigurationPlatforms) = postSolution
		{AB2E9B71-D4D8-A70F-F96E-5CA7EA431237}.Debug|Any CPU.ActiveCfg = Debug|Any CPU
		{AB2E9B71-D4D8-A70F-F96E-5CA7EA431237}.Debug|Any CPU.Build.0 = Debug|Any CPU
		{AB2E9B71-D4D8-A70F-F96E-5CA7EA431237}.Release|Any CPU.ActiveCfg = Release|Any CPU
		{AB2E9B71-D4D8-A70F-F96E-5CA7EA431237}.Release|Any CPU.Build.0 = Release|Any CPU
		{8E42140C-A7E2-1D68-F6A6-BCF09380EEED}.Debug|Any CPU.ActiveCfg = Debug|Any CPU
		{8E42140C-A7E2-1D68-F6A6-BCF09380EEED}.Debug|Any CPU.Build.0 = Debug|Any CPU
		{8E42140C-A7E2-1D68-F6A6-BCF09380EEED}.Release|Any CPU.ActiveCfg = Release|Any CPU
		{8E42140C-A7E2-1D68-F6A6-BCF09380EEED}.Release|Any CPU.Build.0 = Release|Any CPU
	EndGlobalSection
	GlobalSection(SolutionProperties) = preSolution
		HideSolutionNode = FALSE
	EndGlobalSection
EndGlobal
